// !$*UTF8*$!
{
	archiveVersion = 1;
	classes = {
	};
	objectVersion = 56;
	objects = {

/* Begin PBXBuildFile section */
		1231423C2B9590D9009DAEA7 /* ContentView.swift in Sources */ = {isa = PBXBuildFile; fileRef = 1231423B2B9590D9009DAEA7 /* ContentView.swift */; };
		1231423E2B9590DA009DAEA7 /* Assets.xcassets in Resources */ = {isa = PBXBuildFile; fileRef = 1231423D2B9590DA009DAEA7 /* Assets.xcassets */; };
		123142412B9590DA009DAEA7 /* Preview Assets.xcassets in Resources */ = {isa = PBXBuildFile; fileRef = 123142402B9590DA009DAEA7 /* Preview Assets.xcassets */; };
		123142492B959127009DAEA7 /* TranslatorViewModel.swift in Sources */ = {isa = PBXBuildFile; fileRef = 123142482B959127009DAEA7 /* TranslatorViewModel.swift */; };
		1231424B2B95913A009DAEA7 /* AreaSelectionWindow.swift in Sources */ = {isa = PBXBuildFile; fileRef = 1231424A2B95913A009DAEA7 /* AreaSelectionWindow.swift */; };
		272E15982D75FC1500DCCFD7 /* TranslatorApp.swift in Sources */ = {isa = PBXBuildFile; fileRef = 272E15972D75FC1500DCCFD7 /* TranslatorApp.swift */; };
		2750015B2D79CB1A00F45119 /* AppIcon.icns in Resources */ = {isa = PBXBuildFile; fileRef = 2750015A2D79CB1A00F45119 /* AppIcon.icns */; };
		2750015D2D79FE1600F45119 /* SettingsView.swift in Sources */ = {isa = PBXBuildFile; fileRef = 2750015C2D79FE1600F45119 /* SettingsView.swift */; };
/* End PBXBuildFile section */

/* Begin PBXFileReference section */
		123142362B9590D9009DAEA7 /* SwifTL.app */ = {isa = PBXFileReference; explicitFileType = wrapper.application; includeInIndex = 0; path = SwifTL.app; sourceTree = BUILT_PRODUCTS_DIR; };
		1231423B2B9590D9009DAEA7 /* ContentView.swift */ = {isa = PBXFileReference; lastKnownFileType = sourcecode.swift; path = ContentView.swift; sourceTree = "<group>"; };
		1231423D2B9590DA009DAEA7 /* Assets.xcassets */ = {isa = PBXFileReference; lastKnownFileType = folder.assetcatalog; path = Assets.xcassets; sourceTree = "<group>"; };
		123142402B9590DA009DAEA7 /* Preview Assets.xcassets */ = {isa = PBXFileReference; lastKnownFileType = folder.assetcatalog; path = "Preview Assets.xcassets"; sourceTree = "<group>"; };
		123142422B9590DA009DAEA7 /* swiftl.entitlements */ = {isa = PBXFileReference; lastKnownFileType = text.plist.entitlements; path = swiftl.entitlements; sourceTree = "<group>"; };
		123142482B959127009DAEA7 /* TranslatorViewModel.swift */ = {isa = PBXFileReference; lastKnownFileType = sourcecode.swift; path = TranslatorViewModel.swift; sourceTree = "<group>"; };
		1231424A2B95913A009DAEA7 /* AreaSelectionWindow.swift */ = {isa = PBXFileReference; lastKnownFileType = sourcecode.swift; path = AreaSelectionWindow.swift; sourceTree = "<group>"; };
		1231424C2B95914D009DAEA7 /* Info.plist */ = {isa = PBXFileReference; lastKnownFileType = text.plist.xml; path = Info.plist; sourceTree = "<group>"; };
		272E15972D75FC1500DCCFD7 /* TranslatorApp.swift */ = {isa = PBXFileReference; lastKnownFileType = sourcecode.swift; path = TranslatorApp.swift; sourceTree = "<group>"; };
		2750015A2D79CB1A00F45119 /* AppIcon.icns */ = {isa = PBXFileReference; lastKnownFileType = image.icns; path = AppIcon.icns; sourceTree = "<group>"; };
		2750015C2D79FE1600F45119 /* SettingsView.swift */ = {isa = PBXFileReference; lastKnownFileType = sourcecode.swift; path = SettingsView.swift; sourceTree = "<group>"; };
/* End PBXFileReference section */

/* Begin PBXFrameworksBuildPhase section */
		123142332B9590D9009DAEA7 /* Frameworks */ = {
			isa = PBXFrameworksBuildPhase;
			buildActionMask = 2147483647;
			files = (
			);
			runOnlyForDeploymentPostprocessing = 0;
		};
/* End PBXFrameworksBuildPhase section */

/* Begin PBXGroup section */
		1231422D2B9590D9009DAEA7 = {
			isa = PBXGroup;
			children = (
				123142382B9590D9009DAEA7 /* Sources */,
				1231424D2B95915C009DAEA7 /* Resources */,
				123142372B9590D9009DAEA7 /* Products */,
			);
			sourceTree = "<group>";
		};
		123142372B9590D9009DAEA7 /* Products */ = {
			isa = PBXGroup;
			children = (
				123142362B9590D9009DAEA7 /* SwifTL.app */,
			);
			name = Products;
			sourceTree = "<group>";
		};
		123142382B9590D9009DAEA7 /* Sources */ = {
			isa = PBXGroup;
			children = (
				2750015C2D79FE1600F45119 /* SettingsView.swift */,
				272E15972D75FC1500DCCFD7 /* TranslatorApp.swift */,
				1231423B2B9590D9009DAEA7 /* ContentView.swift */,
				123142482B959127009DAEA7 /* TranslatorViewModel.swift */,
				1231424A2B95913A009DAEA7 /* AreaSelectionWindow.swift */,
			);
			path = Sources;
			sourceTree = "<group>";
		};
		1231423F2B9590DA009DAEA7 /* Preview Content */ = {
			isa = PBXGroup;
			children = (
				123142402B9590DA009DAEA7 /* Preview Assets.xcassets */,
			);
			path = "Preview Content";
			sourceTree = "<group>";
		};
		1231424D2B95915C009DAEA7 /* Resources */ = {
			isa = PBXGroup;
			children = (
				2750015A2D79CB1A00F45119 /* AppIcon.icns */,
				1231423D2B9590DA009DAEA7 /* Assets.xcassets */,
				1231423F2B9590DA009DAEA7 /* Preview Content */,
				123142422B9590DA009DAEA7 /* swiftl.entitlements */,
				1231424C2B95914D009DAEA7 /* Info.plist */,
			);
			path = Resources;
			sourceTree = "<group>";
		};
/* End PBXGroup section */

/* Begin PBXNativeTarget section */
		123142352B9590D9009DAEA7 /* SwifTL */ = {
			isa = PBXNativeTarget;
			buildConfigurationList = 123142452B9590DA009DAEA7 /* Build configuration list for PBXNativeTarget "SwifTL" */;
			buildPhases = (
				123142322B9590D9009DAEA7 /* Sources */,
				123142332B9590D9009DAEA7 /* Frameworks */,
				123142342B9590D9009DAEA7 /* Resources */,
			);
			buildRules = (
			);
			dependencies = (
			);
			name = SwifTL;
			productName = SwifTL;
			productReference = 123142362B9590D9009DAEA7 /* SwifTL.app */;
			productType = "com.apple.product-type.application";
		};
/* End PBXNativeTarget section */

/* Begin PBXProject section */
		1231422E2B9590D9009DAEA7 /* Project object */ = {
			isa = PBXProject;
			attributes = {
				BuildIndependentTargetsInParallel = 1;
				LastSwiftUpdateCheck = 1520;
				LastUpgradeCheck = 1620;
				TargetAttributes = {
					123142352B9590D9009DAEA7 = {
						CreatedOnToolsVersion = 15.2;
					};
				};
			};
			buildConfigurationList = 123142312B9590D9009DAEA7 /* Build configuration list for PBXProject "SwifTL" */;
			compatibilityVersion = "Xcode 14.0";
			developmentRegion = en;
			hasScannedForEncodings = 0;
			knownRegions = (
				en,
				Base,
			);
			mainGroup = 1231422D2B9590D9009DAEA7;
			productRefGroup = 123142372B9590D9009DAEA7 /* Products */;
			projectDirPath = "";
			projectRoot = "";
			targets = (
				123142352B9590D9009DAEA7 /* SwifTL */,
			);
		};
/* End PBXProject section */

/* Begin PBXResourcesBuildPhase section */
		123142342B9590D9009DAEA7 /* Resources */ = {
			isa = PBXResourcesBuildPhase;
			buildActionMask = 2147483647;
			files = (
				123142412B9590DA009DAEA7 /* Preview Assets.xcassets in Resources */,
				1231423E2B9590DA009DAEA7 /* Assets.xcassets in Resources */,
				2750015B2D79CB1A00F45119 /* AppIcon.icns in Resources */,
			);
			runOnlyForDeploymentPostprocessing = 0;
		};
/* End PBXResourcesBuildPhase section */

/* Begin PBXSourcesBuildPhase section */
		123142322B9590D9009DAEA7 /* Sources */ = {
			isa = PBXSourcesBuildPhase;
			buildActionMask = 2147483647;
			files = (
				2750015D2D79FE1600F45119 /* SettingsView.swift in Sources */,
				1231423C2B9590D9009DAEA7 /* ContentView.swift in Sources */,
				272E15982D75FC1500DCCFD7 /* TranslatorApp.swift in Sources */,
				1231424B2B95913A009DAEA7 /* AreaSelectionWindow.swift in Sources */,
				123142492B959127009DAEA7 /* TranslatorViewModel.swift in Sources */,
			);
			runOnlyForDeploymentPostprocessing = 0;
		};
/* End PBXSourcesBuildPhase section */

/* Begin XCBuildConfiguration section */
		123142432B9590DA009DAEA7 /* Debug */ = {
			isa = XCBuildConfiguration;
			buildSettings = {
				ALWAYS_SEARCH_USER_PATHS = NO;
				ASSETCATALOG_COMPILER_GENERATE_SWIFT_ASSET_SYMBOL_EXTENSIONS = YES;
				CLANG_ANALYZER_NONNULL = YES;
				CLANG_ANALYZER_NUMBER_OBJECT_CONVERSION = YES_AGGRESSIVE;
				CLANG_CXX_LANGUAGE_STANDARD = "gnu++20";
				CLANG_ENABLE_MODULES = YES;
				CLANG_ENABLE_OBJC_ARC = YES;
				CLANG_ENABLE_OBJC_WEAK = YES;
				CLANG_WARN_BLOCK_CAPTURE_AUTORELEASING = YES;
				CLANG_WARN_BOOL_CONVERSION = YES;
				CLANG_WARN_COMMA = YES;
				CLANG_WARN_CONSTANT_CONVERSION = YES;
				CLANG_WARN_DEPRECATED_OBJC_IMPLEMENTATIONS = YES;
				CLANG_WARN_DIRECT_OBJC_ISA_USAGE = YES_ERROR;
				CLANG_WARN_DOCUMENTATION_COMMENTS = YES;
				CLANG_WARN_EMPTY_BODY = YES;
				CLANG_WARN_ENUM_CONVERSION = YES;
				CLANG_WARN_INFINITE_RECURSION = YES;
				CLANG_WARN_INT_CONVERSION = YES;
				CLANG_WARN_NON_LITERAL_NULL_CONVERSION = YES;
				CLANG_WARN_OBJC_IMPLICIT_RETAIN_SELF = YES;
				CLANG_WARN_OBJC_LITERAL_CONVERSION = YES;
				CLANG_WARN_OBJC_ROOT_CLASS = YES_ERROR;
				CLANG_WARN_QUOTED_INCLUDE_IN_FRAMEWORK_HEADER = YES;
				CLANG_WARN_RANGE_LOOP_ANALYSIS = YES;
				CLANG_WARN_STRICT_PROTOTYPES = YES;
				CLANG_WARN_SUSPICIOUS_MOVE = YES;
				CLANG_WARN_UNGUARDED_AVAILABILITY = YES_AGGRESSIVE;
				CLANG_WARN_UNREACHABLE_CODE = YES;
				CLANG_WARN__DUPLICATE_METHOD_MATCH = YES;
				COPY_PHASE_STRIP = NO;
				DEAD_CODE_STRIPPING = YES;
				DEBUG_INFORMATION_FORMAT = dwarf;
				ENABLE_STRICT_OBJC_MSGSEND = YES;
				ENABLE_TESTABILITY = YES;
				ENABLE_USER_SCRIPT_SANDBOXING = YES;
				GCC_C_LANGUAGE_STANDARD = gnu17;
				GCC_DYNAMIC_NO_PIC = NO;
				GCC_NO_COMMON_BLOCKS = YES;
				GCC_OPTIMIZATION_LEVEL = 0;
				GCC_PREPROCESSOR_DEFINITIONS = (
					"DEBUG=1",
					"$(inherited)",
				);
				GCC_WARN_64_TO_32_BIT_CONVERSION = YES;
				GCC_WARN_ABOUT_RETURN_TYPE = YES_ERROR;
				GCC_WARN_UNDECLARED_SELECTOR = YES;
				GCC_WARN_UNINITIALIZED_AUTOS = YES_AGGRESSIVE;
				GCC_WARN_UNUSED_FUNCTION = YES;
				GCC_WARN_UNUSED_VARIABLE = YES;
				LOCALIZATION_PREFERS_STRING_CATALOGS = YES;
				MACOSX_DEPLOYMENT_TARGET = 13.0;
				MTL_ENABLE_DEBUG_INFO = INCLUDE_SOURCE;
				MTL_FAST_MATH = YES;
				ONLY_ACTIVE_ARCH = YES;
				SDKROOT = macosx;
				SWIFT_ACTIVE_COMPILATION_CONDITIONS = "DEBUG $(inherited)";
				SWIFT_OPTIMIZATION_LEVEL = "-Onone";
			};
			name = Debug;
		};
		123142442B9590DA009DAEA7 /* Release */ = {
			isa = XCBuildConfiguration;
			buildSettings = {
				ALWAYS_SEARCH_USER_PATHS = NO;
				ASSETCATALOG_COMPILER_GENERATE_SWIFT_ASSET_SYMBOL_EXTENSIONS = YES;
				CLANG_ANALYZER_NONNULL = YES;
				CLANG_ANALYZER_NUMBER_OBJECT_CONVERSION = YES_AGGRESSIVE;
				CLANG_CXX_LANGUAGE_STANDARD = "gnu++20";
				CLANG_ENABLE_MODULES = YES;
				CLANG_ENABLE_OBJC_ARC = YES;
				CLANG_ENABLE_OBJC_WEAK = YES;
				CLANG_WARN_BLOCK_CAPTURE_AUTORELEASING = YES;
				CLANG_WARN_BOOL_CONVERSION = YES;
				CLANG_WARN_COMMA = YES;
				CLANG_WARN_CONSTANT_CONVERSION = YES;
				CLANG_WARN_DEPRECATED_OBJC_IMPLEMENTATIONS = YES;
				CLANG_WARN_DIRECT_OBJC_ISA_USAGE = YES_ERROR;
				CLANG_WARN_DOCUMENTATION_COMMENTS = YES;
				CLANG_WARN_EMPTY_BODY = YES;
				CLANG_WARN_ENUM_CONVERSION = YES;
				CLANG_WARN_INFINITE_RECURSION = YES;
				CLANG_WARN_INT_CONVERSION = YES;
				CLANG_WARN_NON_LITERAL_NULL_CONVERSION = YES;
				CLANG_WARN_OBJC_IMPLICIT_RETAIN_SELF = YES;
				CLANG_WARN_OBJC_LITERAL_CONVERSION = YES;
				CLANG_WARN_OBJC_ROOT_CLASS = YES_ERROR;
				CLANG_WARN_QUOTED_INCLUDE_IN_FRAMEWORK_HEADER = YES;
				CLANG_WARN_RANGE_LOOP_ANALYSIS = YES;
				CLANG_WARN_STRICT_PROTOTYPES = YES;
				CLANG_WARN_SUSPICIOUS_MOVE = YES;
				CLANG_WARN_UNGUARDED_AVAILABILITY = YES_AGGRESSIVE;
				CLANG_WARN_UNREACHABLE_CODE = YES;
				CLANG_WARN__DUPLICATE_METHOD_MATCH = YES;
				COPY_PHASE_STRIP = NO;
				DEAD_CODE_STRIPPING = YES;
				DEBUG_INFORMATION_FORMAT = "dwarf-with-dsym";
				ENABLE_NS_ASSERTIONS = NO;
				ENABLE_STRICT_OBJC_MSGSEND = YES;
				ENABLE_USER_SCRIPT_SANDBOXING = YES;
				GCC_C_LANGUAGE_STANDARD = gnu17;
				GCC_NO_COMMON_BLOCKS = YES;
				GCC_WARN_64_TO_32_BIT_CONVERSION = YES;
				GCC_WARN_ABOUT_RETURN_TYPE = YES_ERROR;
				GCC_WARN_UNDECLARED_SELECTOR = YES;
				GCC_WARN_UNINITIALIZED_AUTOS = YES_AGGRESSIVE;
				GCC_WARN_UNUSED_FUNCTION = YES;
				GCC_WARN_UNUSED_VARIABLE = YES;
				LOCALIZATION_PREFERS_STRING_CATALOGS = YES;
				MACOSX_DEPLOYMENT_TARGET = 13.0;
				MTL_ENABLE_DEBUG_INFO = NO;
				MTL_FAST_MATH = YES;
				SDKROOT = macosx;
				SWIFT_COMPILATION_MODE = wholemodule;
			};
			name = Release;
		};
		123142462B9590DA009DAEA7 /* Debug */ = {
			isa = XCBuildConfiguration;
			buildSettings = {
				ASSETCATALOG_COMPILER_APPICON_NAME = AppIcon;
				ASSETCATALOG_COMPILER_GLOBAL_ACCENT_COLOR_NAME = AccentColor;
				ASSETCATALOG_COMPILER_INCLUDE_ALL_APPICON_ASSETS = NO;
				CODE_SIGN_ENTITLEMENTS = Resources/swiftl.entitlements;
				"CODE_SIGN_IDENTITY[sdk=macosx*]" = "-";
				CODE_SIGN_STYLE = Automatic;
				COMBINE_HIDPI_IMAGES = YES;
				CURRENT_PROJECT_VERSION = 1;
				DEAD_CODE_STRIPPING = YES;
				DEVELOPMENT_ASSET_PATHS = "\"Resources/Preview Content\"";
				DEVELOPMENT_TEAM = "";
				ENABLE_PREVIEWS = YES;
				GENERATE_INFOPLIST_FILE = YES;
				INFOPLIST_FILE = Resources/Info.plist;
				INFOPLIST_KEY_NSHumanReadableCopyright = "";
				LD_RUNPATH_SEARCH_PATHS = (
					"$(inherited)",
					"@executable_path/../Frameworks",
				);
				MARKETING_VERSION = 1.0;
				PRODUCT_BUNDLE_IDENTIFIER = com.example.swiftl;
				PRODUCT_NAME = SwifTL;
				SWIFT_EMIT_LOC_STRINGS = YES;
				SWIFT_VERSION = 5.0;
			};
			name = Debug;
		};
		123142472B9590DA009DAEA7 /* Release */ = {
			isa = XCBuildConfiguration;
			buildSettings = {
				ASSETCATALOG_COMPILER_APPICON_NAME = AppIcon;
				ASSETCATALOG_COMPILER_GLOBAL_ACCENT_COLOR_NAME = AccentColor;
				ASSETCATALOG_COMPILER_INCLUDE_ALL_APPICON_ASSETS = NO;
				CODE_SIGN_ENTITLEMENTS = Resources/swiftl.entitlements;
				"CODE_SIGN_IDENTITY[sdk=macosx*]" = "-";
				CODE_SIGN_STYLE = Automatic;
				COMBINE_HIDPI_IMAGES = YES;
				CURRENT_PROJECT_VERSION = 1;
				DEAD_CODE_STRIPPING = YES;
				DEVELOPMENT_ASSET_PATHS = "\"Resources/Preview Content\"";
				DEVELOPMENT_TEAM = "";
				ENABLE_PREVIEWS = YES;
				GENERATE_INFOPLIST_FILE = YES;
				INFOPLIST_FILE = Resources/Info.plist;
				INFOPLIST_KEY_NSHumanReadableCopyright = "";
				LD_RUNPATH_SEARCH_PATHS = (
					"$(inherited)",
					"@executable_path/../Frameworks",
				);
				MARKETING_VERSION = 1.0;
				PRODUCT_BUNDLE_IDENTIFIER = com.example.swiftl;
				PRODUCT_NAME = SwifTL;
				SWIFT_EMIT_LOC_STRINGS = YES;
				SWIFT_VERSION = 5.0;
			};
			name = Release;
		};
/* End XCBuildConfiguration section */

/* Begin XCConfigurationList section */
		123142312B9590D9009DAEA7 /* Build configuration list for PBXProject "SwifTL" */ = {
			isa = XCConfigurationList;
			buildConfigurations = (
				123142432B9590DA009DAEA7 /* Debug */,
				123142442B9590DA009DAEA7 /* Release */,
			);
			defaultConfigurationIsVisible = 0;
			defaultConfigurationName = Release;
		};
		123142452B9590DA009DAEA7 /* Build configuration list for PBXNativeTarget "SwifTL" */ = {
			isa = XCConfigurationList;
			buildConfigurations = (
				123142462B9590DA009DAEA7 /* Debug */,
				123142472B9590DA009DAEA7 /* Release */,
			);
			defaultConfigurationIsVisible = 0;
			defaultConfigurationName = Release;
		};
/* End XCConfigurationList section */
	};
	rootObject = 1231422E2B9590D9009DAEA7 /* Project object */;
}
